
Microsoft Visual Studio Solution File, Format Version 12.00
# Visual Studio 14
VisualStudioVersion = 14.0.25420.1
MinimumVisualStudioVersion = 10.0.40219.1
Project("{FAE04EC0-301F-11D3-BF4B-00C04F79EFBC}") = "LogFileViewerUnitTest", "LogFileViewerUnitTest\LogFileViewerUnitTest.csproj", "{2EB7E87D-164F-407C-A41F-B58B12DDD379}"
EndProject
Project("{2150E333-8FDC-42A3-9474-1A3956D46DE8}") = "Solution Items", "Solution Items", "{DBEFF076-74F0-46A2-A942-0BBF0E764928}"
	ProjectSection(SolutionItems) = preProject
		Local.testsettings = Local.testsettings
		LogFileViewer.vsmdi = LogFileViewer.vsmdi
		TraceAndTestImpact.testsettings = TraceAndTestImpact.testsettings
	EndProjectSection
EndProject
Project("{FAE04EC0-301F-11D3-BF4B-00C04F79EFBC}") = "LogFileViewer", "LogFileViewer\LogFileViewer.csproj", "{5435A674-8DAB-4783-8736-96309523A211}"
EndProject
Global
	GlobalSection(SolutionConfigurationPlatforms) = preSolution
		Debug|Any CPU = Debug|Any CPU
		Debug|Mixed Platforms = Debug|Mixed Platforms
		Debug|x86 = Debug|x86
		Release|Any CPU = Release|Any CPU
		Release|Mixed Platforms = Release|Mixed Platforms
		Release|x86 = Release|x86
	EndGlobalSection
	GlobalSection(ProjectConfigurationPlatforms) = postSolution
		{2EB7E87D-164F-407C-A41F-B58B12DDD379}.Debug|Any CPU.ActiveCfg = Debug|Any CPU
		{2EB7E87D-164F-407C-A41F-B58B12DDD379}.Debug|Any CPU.Build.0 = Debug|Any CPU
		{2EB7E87D-164F-407C-A41F-B58B12DDD379}.Debug|Mixed Platforms.ActiveCfg = Debug|Any CPU
		{2EB7E87D-164F-407C-A41F-B58B12DDD379}.Debug|Mixed Platforms.Build.0 = Debug|Any CPU
		{2EB7E87D-164F-407C-A41F-B58B12DDD379}.Debug|x86.ActiveCfg = Debug|Any CPU
		{2EB7E87D-164F-407C-A41F-B58B12DDD379}.Release|Any CPU.ActiveCfg = Release|Any CPU
		{2EB7E87D-164F-407C-A41F-B58B12DDD379}.Release|Any CPU.Build.0 = Release|Any CPU
		{2EB7E87D-164F-407C-A41F-B58B12DDD379}.Release|Mixed Platforms.ActiveCfg = Release|Any CPU
		{2EB7E87D-164F-407C-A41F-B58B12DDD379}.Release|Mixed Platforms.Build.0 = Release|Any CPU
		{2EB7E87D-164F-407C-A41F-B58B12DDD379}.Release|x86.ActiveCfg = Release|Any CPU
		{5435A674-8DAB-4783-8736-96309523A211}.Debug|Any CPU.ActiveCfg = Debug|x86
		{5435A674-8DAB-4783-8736-96309523A211}.Debug|Mixed Platforms.ActiveCfg = Debug|x86
		{5435A674-8DAB-4783-8736-96309523A211}.Debug|Mixed Platforms.Build.0 = Debug|x86
		{5435A674-8DAB-4783-8736-96309523A211}.Debug|x86.ActiveCfg = Debug|x86
		{5435A674-8DAB-4783-8736-96309523A211}.Debug|x86.Build.0 = Debug|x86
		{5435A674-8DAB-4783-8736-96309523A211}.Release|Any CPU.ActiveCfg = Release|x86
		{5435A674-8DAB-4783-8736-96309523A211}.Release|Mixed Platforms.ActiveCfg = Release|x86
		{5435A674-8DAB-4783-8736-96309523A211}.Release|Mixed Platforms.Build.0 = Release|x86
		{5435A674-8DAB-4783-8736-96309523A211}.Release|x86.ActiveCfg = Release|x86
		{5435A674-8DAB-4783-8736-96309523A211}.Release|x86.Build.0 = Release|x86
	EndGlobalSection
	GlobalSection(SolutionProperties) = preSolution
		HideSolutionNode = FALSE
	EndGlobalSection
	GlobalSection(TestCaseManagementSettings) = postSolution
		CategoryFile = LogFileViewer.vsmdi
	EndGlobalSection
EndGlobal
